
Microsoft Visual Studio Solution File, Format Version 12.00
Project("{FAE04EC0-301F-11D3-BF4B-00C04F79EFBC}") = "VotingApp", "VotingApp\VotingApp.csproj", "{D387D9C4-F831-47CE-B141-72EBD0B3F858}"
EndProject
Project("{FAE04EC0-301F-11D3-BF4B-00C04F79EFBC}") = "Worker", "Worker\Worker.csproj", "{3706D9F8-F74F-48B4-9F3D-25725564528A}"
EndProject
Project("{FAE04EC0-301F-11D3-BF4B-00C04F79EFBC}") = "VotingResultApp", "VotingResultApp\VotingResultApp.csproj", "{059DF004-E22B-4479-B3DE-ED68C625A289}"
EndProject
Global
	GlobalSection(SolutionConfigurationPlatforms) = preSolution
		Debug|Any CPU = Debug|Any CPU
		Release|Any CPU = Release|Any CPU
	EndGlobalSection
	GlobalSection(ProjectConfigurationPlatforms) = postSolution
		{D387D9C4-F831-47CE-B141-72EBD0B3F858}.Debug|Any CPU.ActiveCfg = Debug|Any CPU
		{D387D9C4-F831-47CE-B141-72EBD0B3F858}.Debug|Any CPU.Build.0 = Debug|Any CPU
		{D387D9C4-F831-47CE-B141-72EBD0B3F858}.Release|Any CPU.ActiveCfg = Release|Any CPU
		{D387D9C4-F831-47CE-B141-72EBD0B3F858}.Release|Any CPU.Build.0 = Release|Any CPU
		{3706D9F8-F74F-48B4-9F3D-25725564528A}.Debug|Any CPU.ActiveCfg = Debug|Any CPU
		{3706D9F8-F74F-48B4-9F3D-25725564528A}.Debug|Any CPU.Build.0 = Debug|Any CPU
		{3706D9F8-F74F-48B4-9F3D-25725564528A}.Release|Any CPU.ActiveCfg = Release|Any CPU
		{3706D9F8-F74F-48B4-9F3D-25725564528A}.Release|Any CPU.Build.0 = Release|Any CPU
		{059DF004-E22B-4479-B3DE-ED68C625A289}.Debug|Any CPU.ActiveCfg = Debug|Any CPU
		{059DF004-E22B-4479-B3DE-ED68C625A289}.Debug|Any CPU.Build.0 = Debug|Any CPU
		{059DF004-E22B-4479-B3DE-ED68C625A289}.Release|Any CPU.ActiveCfg = Release|Any CPU
		{059DF004-E22B-4479-B3DE-ED68C625A289}.Release|Any CPU.Build.0 = Release|Any CPU
	EndGlobalSection
EndGlobal
